
Microsoft Visual Studio Solution File, Format Version 12.00
# Visual Studio Version 17
VisualStudioVersion = 17.9.34723.18
MinimumVisualStudioVersion = 10.0.40219.1
Project("{8BC9CEB8-8B4A-11D0-8D11-00A0C91BC942}") = "cs2 external", "cs2 external\cs2 external.vcxproj", "{D05EC939-B4C4-4B89-91F0-C25480CD773A}"
EndProject
Global
	GlobalSection(SolutionConfigurationPlatforms) = preSolution
		Debug|x64 = Debug|x64
		Debug|x86 = Debug|x86
		Release|x64 = Release|x64
		Release|x86 = Release|x86
	EndGlobalSection
	GlobalSection(ProjectConfigurationPlatforms) = postSolution
		{D05EC939-B4C4-4B89-91F0-C25480CD773A}.Debug|x64.ActiveCfg = Debug|x64
		{D05EC939-B4C4-4B89-91F0-C25480CD773A}.Debug|x64.Build.0 = Debug|x64
		{D05EC939-B4C4-4B89-91F0-C25480CD773A}.Debug|x86.ActiveCfg = Debug|Win32
		{D05EC939-B4C4-4B89-91F0-C25480CD773A}.Debug|x86.Build.0 = Debug|Win32
		{D05EC939-B4C4-4B89-91F0-C25480CD773A}.Release|x64.ActiveCfg = Release|x64
		{D05EC939-B4C4-4B89-91F0-C25480CD773A}.Release|x64.Build.0 = Release|x64
		{D05EC939-B4C4-4B89-91F0-C25480CD773A}.Release|x86.ActiveCfg = Release|Win32
		{D05EC939-B4C4-4B89-91F0-C25480CD773A}.Release|x86.Build.0 = Release|Win32
	EndGlobalSection
	GlobalSection(SolutionProperties) = preSolution
		HideSolutionNode = FALSE
	EndGlobalSection
	GlobalSection(ExtensibilityGlobals) = postSolution
		SolutionGuid = {B504961D-BC7C-41BA-A30C-4C6FF6BA2D63}
	EndGlobalSection
EndGlobal
